
Microsoft Visual Studio Solution File, Format Version 12.00
# Visual Studio 15
VisualStudioVersion = 15.0.27428.2037
MinimumVisualStudioVersion = 10.0.40219.1
Project("{FAE04EC0-301F-11D3-BF4B-00C04F79EFBC}") = "MyGym", "MyGym\MyGym.csproj", "{9ADA0F10-CC04-4C01-AF14-739B3E36E523}"
EndProject
Global
	GlobalSection(SolutionConfigurationPlatforms) = preSolution
		Debug|Any CPU = Debug|Any CPU
		Release|Any CPU = Release|Any CPU
	EndGlobalSection
	GlobalSection(ProjectConfigurationPlatforms) = postSolution
		{9ADA0F10-CC04-4C01-AF14-739B3E36E523}.Debug|Any CPU.ActiveCfg = Debug|Any CPU
		{9ADA0F10-CC04-4C01-AF14-739B3E36E523}.Debug|Any CPU.Build.0 = Debug|Any CPU
		{9ADA0F10-CC04-4C01-AF14-739B3E36E523}.Release|Any CPU.ActiveCfg = Release|Any CPU
		{9ADA0F10-CC04-4C01-AF14-739B3E36E523}.Release|Any CPU.Build.0 = Release|Any CPU
	EndGlobalSection
	GlobalSection(SolutionProperties) = preSolution
		HideSolutionNode = FALSE
	EndGlobalSection
	GlobalSection(ExtensibilityGlobals) = postSolution
		SolutionGuid = {AF47DA44-CEFF-48AB-B541-51C00AD80016}
	EndGlobalSection
EndGlobal
